PODS:
  - FactoryViewController (0.1.1)

DEPENDENCIES:
  - FactoryViewController (from `../`)

EXTERNAL SOURCES:
  FactoryViewController:
    :path: "../"

SPEC CHECKSUMS:
  FactoryViewController: 1c9b467c3ab06c3ce36467ee00b52763666137d4

PODFILE CHECKSUM: d5f2c5bf6d65173deaccc0567b00869844da5eaa

COCOAPODS: 1.9.1
